
Microsoft Visual Studio Solution File, Format Version 12.00
# Visual Studio Version 16
VisualStudioVersion = 16.0.30413.136
MinimumVisualStudioVersion = 10.0.40219.1
Project("{FAE04EC0-301F-11D3-BF4B-00C04F79EFBC}") = "SkuAssignment", "SkuAssignment\SkuAssignment.csproj", "{12144D91-C5DC-4590-BC3B-8B1F1C3B7D2D}"
EndProject
Global
	GlobalSection(SolutionConfigurationPlatforms) = preSolution
		Debug|Any CPU = Debug|Any CPU
		Release|Any CPU = Release|Any CPU
	EndGlobalSection
	GlobalSection(ProjectConfigurationPlatforms) = postSolution
		{12144D91-C5DC-4590-BC3B-8B1F1C3B7D2D}.Debug|Any CPU.ActiveCfg = Debug|Any CPU
		{12144D91-C5DC-4590-BC3B-8B1F1C3B7D2D}.Debug|Any CPU.Build.0 = Debug|Any CPU
		{12144D91-C5DC-4590-BC3B-8B1F1C3B7D2D}.Release|Any CPU.ActiveCfg = Release|Any CPU
		{12144D91-C5DC-4590-BC3B-8B1F1C3B7D2D}.Release|Any CPU.Build.0 = Release|Any CPU
	EndGlobalSection
	GlobalSection(SolutionProperties) = preSolution
		HideSolutionNode = FALSE
	EndGlobalSection
	GlobalSection(ExtensibilityGlobals) = postSolution
		SolutionGuid = {6071CCB7-1EF1-4CC7-A0CB-B228AE5BC3F5}
	EndGlobalSection
EndGlobal
